
Microsoft Visual Studio Solution File, Format Version 12.00
# Visual Studio Version 17
VisualStudioVersion = 17.2.32516.85
MinimumVisualStudioVersion = 10.0.40219.1
Project("{FAE04EC0-301F-11D3-BF4B-00C04F79EFBC}") = "ExampleFunctionApp", "src\ExampleFunctionApp\ExampleFunctionApp.csproj", "{501949A0-B98C-4010-B194-73934640D46D}"
EndProject
Global
	GlobalSection(SolutionConfigurationPlatforms) = preSolution
		Debug|Any CPU = Debug|Any CPU
		Release|Any CPU = Release|Any CPU
	EndGlobalSection
	GlobalSection(ProjectConfigurationPlatforms) = postSolution
		{501949A0-B98C-4010-B194-73934640D46D}.Debug|Any CPU.ActiveCfg = Debug|Any CPU
		{501949A0-B98C-4010-B194-73934640D46D}.Debug|Any CPU.Build.0 = Debug|Any CPU
		{501949A0-B98C-4010-B194-73934640D46D}.Release|Any CPU.ActiveCfg = Release|Any CPU
		{501949A0-B98C-4010-B194-73934640D46D}.Release|Any CPU.Build.0 = Release|Any CPU
	EndGlobalSection
	GlobalSection(SolutionProperties) = preSolution
		HideSolutionNode = FALSE
	EndGlobalSection
	GlobalSection(ExtensibilityGlobals) = postSolution
		SolutionGuid = {19F12ECC-A8B9-46A6-9CAF-22CB776B956C}
	EndGlobalSection
EndGlobal
